
Microsoft Visual Studio Solution File, Format Version 12.00
# Visual Studio Version 17
VisualStudioVersion = 17.8.34330.188
MinimumVisualStudioVersion = 10.0.40219.1
Project("{FAE04EC0-301F-11D3-BF4B-00C04F79EFBC}") = "Lab1_Playfair", "Lab1_Playfair\Lab1_Playfair.csproj", "{A86AD350-E9D2-41B9-95A3-3262087E78D6}"
EndProject
Global
	GlobalSection(SolutionConfigurationPlatforms) = preSolution
		Debug|Any CPU = Debug|Any CPU
		Release|Any CPU = Release|Any CPU
	EndGlobalSection
	GlobalSection(ProjectConfigurationPlatforms) = postSolution
		{A86AD350-E9D2-41B9-95A3-3262087E78D6}.Debug|Any CPU.ActiveCfg = Debug|Any CPU
		{A86AD350-E9D2-41B9-95A3-3262087E78D6}.Debug|Any CPU.Build.0 = Debug|Any CPU
		{A86AD350-E9D2-41B9-95A3-3262087E78D6}.Release|Any CPU.ActiveCfg = Release|Any CPU
		{A86AD350-E9D2-41B9-95A3-3262087E78D6}.Release|Any CPU.Build.0 = Release|Any CPU
	EndGlobalSection
	GlobalSection(SolutionProperties) = preSolution
		HideSolutionNode = FALSE
	EndGlobalSection
	GlobalSection(ExtensibilityGlobals) = postSolution
		SolutionGuid = {91A551F4-5BFA-4005-A384-9D35A9AC7145}
	EndGlobalSection
EndGlobal
